
Microsoft Visual Studio Solution File, Format Version 12.00
# Visual Studio Version 16
VisualStudioVersion = 16.0.29728.190
MinimumVisualStudioVersion = 10.0.40219.1
Project("{FAE04EC0-301F-11D3-BF4B-00C04F79EFBC}") = "ContosoUniversity", "ContosoUniversity\ContosoUniversity.csproj", "{FD94633F-9EA7-4B32-8EAE-0057DA68CFA9}"
EndProject
Global
	GlobalSection(SolutionConfigurationPlatforms) = preSolution
		Debug|Any CPU = Debug|Any CPU
		Release|Any CPU = Release|Any CPU
	EndGlobalSection
	GlobalSection(ProjectConfigurationPlatforms) = postSolution
		{FD94633F-9EA7-4B32-8EAE-0057DA68CFA9}.Debug|Any CPU.ActiveCfg = Debug|Any CPU
		{FD94633F-9EA7-4B32-8EAE-0057DA68CFA9}.Debug|Any CPU.Build.0 = Debug|Any CPU
		{FD94633F-9EA7-4B32-8EAE-0057DA68CFA9}.Release|Any CPU.ActiveCfg = Release|Any CPU
		{FD94633F-9EA7-4B32-8EAE-0057DA68CFA9}.Release|Any CPU.Build.0 = Release|Any CPU
	EndGlobalSection
	GlobalSection(SolutionProperties) = preSolution
		HideSolutionNode = FALSE
	EndGlobalSection
	GlobalSection(ExtensibilityGlobals) = postSolution
		SolutionGuid = {AAB3D162-A2BD-402E-AECF-BECE970D3B06}
	EndGlobalSection
EndGlobal
